
Microsoft Visual Studio Solution File, Format Version 12.00
# Visual Studio Version 17
VisualStudioVersion = 17.4.33122.133
MinimumVisualStudioVersion = 10.0.40219.1
Project("{FAE04EC0-301F-11D3-BF4B-00C04F79EFBC}") = "ImageProcessing", "ImageProcessing\ImageProcessing.csproj", "{C02ADF54-79DC-4EFC-A637-D0819DAF9BC9}"
EndProject
Project("{FAE04EC0-301F-11D3-BF4B-00C04F79EFBC}") = "CreatePicture", "CreatePicture\CreatePicture.csproj", "{0376D418-E91E-4CC5-BBEF-F8B8B5C0DA58}"
EndProject
Project("{FAE04EC0-301F-11D3-BF4B-00C04F79EFBC}") = "TextDialogHelper", "TextDialogHelper\TextDialogHelper.csproj", "{6A823D54-E45A-482E-9EB2-6000B1C1F5F7}"
EndProject
Project("{FAE04EC0-301F-11D3-BF4B-00C04F79EFBC}") = "RegexLesson02", "RegexLesson02\RegexLesson02.csproj", "{16BC760C-7BC0-4A9C-95D0-62D8DEA72551}"
EndProject
Global
	GlobalSection(SolutionConfigurationPlatforms) = preSolution
		Debug|Any CPU = Debug|Any CPU
		Release|Any CPU = Release|Any CPU
	EndGlobalSection
	GlobalSection(ProjectConfigurationPlatforms) = postSolution
		{C02ADF54-79DC-4EFC-A637-D0819DAF9BC9}.Debug|Any CPU.ActiveCfg = Debug|Any CPU
		{C02ADF54-79DC-4EFC-A637-D0819DAF9BC9}.Debug|Any CPU.Build.0 = Debug|Any CPU
		{C02ADF54-79DC-4EFC-A637-D0819DAF9BC9}.Release|Any CPU.ActiveCfg = Release|Any CPU
		{C02ADF54-79DC-4EFC-A637-D0819DAF9BC9}.Release|Any CPU.Build.0 = Release|Any CPU
		{0376D418-E91E-4CC5-BBEF-F8B8B5C0DA58}.Debug|Any CPU.ActiveCfg = Debug|Any CPU
		{0376D418-E91E-4CC5-BBEF-F8B8B5C0DA58}.Debug|Any CPU.Build.0 = Debug|Any CPU
		{0376D418-E91E-4CC5-BBEF-F8B8B5C0DA58}.Release|Any CPU.ActiveCfg = Release|Any CPU
		{0376D418-E91E-4CC5-BBEF-F8B8B5C0DA58}.Release|Any CPU.Build.0 = Release|Any CPU
		{6A823D54-E45A-482E-9EB2-6000B1C1F5F7}.Debug|Any CPU.ActiveCfg = Debug|Any CPU
		{6A823D54-E45A-482E-9EB2-6000B1C1F5F7}.Debug|Any CPU.Build.0 = Debug|Any CPU
		{6A823D54-E45A-482E-9EB2-6000B1C1F5F7}.Release|Any CPU.ActiveCfg = Release|Any CPU
		{6A823D54-E45A-482E-9EB2-6000B1C1F5F7}.Release|Any CPU.Build.0 = Release|Any CPU
		{16BC760C-7BC0-4A9C-95D0-62D8DEA72551}.Debug|Any CPU.ActiveCfg = Debug|Any CPU
		{16BC760C-7BC0-4A9C-95D0-62D8DEA72551}.Debug|Any CPU.Build.0 = Debug|Any CPU
		{16BC760C-7BC0-4A9C-95D0-62D8DEA72551}.Release|Any CPU.ActiveCfg = Release|Any CPU
		{16BC760C-7BC0-4A9C-95D0-62D8DEA72551}.Release|Any CPU.Build.0 = Release|Any CPU
	EndGlobalSection
	GlobalSection(SolutionProperties) = preSolution
		HideSolutionNode = FALSE
	EndGlobalSection
	GlobalSection(ExtensibilityGlobals) = postSolution
		SolutionGuid = {75490ACF-BC5D-4EC9-874F-C94BCBF7A46B}
	EndGlobalSection
EndGlobal
